
Microsoft Visual Studio Solution File, Format Version 12.00
# Visual Studio Version 16
VisualStudioVersion = 16.0.31605.320
MinimumVisualStudioVersion = 10.0.40219.1
Project("{FAE04EC0-301F-11D3-BF4B-00C04F79EFBC}") = "Køen", "Køen\Køen.csproj", "{BCC3B611-AD60-4967-A34E-54E00C8D59E5}"
EndProject
Global
	GlobalSection(SolutionConfigurationPlatforms) = preSolution
		Debug|Any CPU = Debug|Any CPU
		Release|Any CPU = Release|Any CPU
	EndGlobalSection
	GlobalSection(ProjectConfigurationPlatforms) = postSolution
		{BCC3B611-AD60-4967-A34E-54E00C8D59E5}.Debug|Any CPU.ActiveCfg = Debug|Any CPU
		{BCC3B611-AD60-4967-A34E-54E00C8D59E5}.Debug|Any CPU.Build.0 = Debug|Any CPU
		{BCC3B611-AD60-4967-A34E-54E00C8D59E5}.Release|Any CPU.ActiveCfg = Release|Any CPU
		{BCC3B611-AD60-4967-A34E-54E00C8D59E5}.Release|Any CPU.Build.0 = Release|Any CPU
	EndGlobalSection
	GlobalSection(SolutionProperties) = preSolution
		HideSolutionNode = FALSE
	EndGlobalSection
	GlobalSection(ExtensibilityGlobals) = postSolution
		SolutionGuid = {25FFF588-C350-456E-8C5E-2C24E43F5D19}
	EndGlobalSection
EndGlobal
